Microsoft Visual Studio Solution File, Format Version 12.00
# Visual Studio Version 17
VisualStudioVersion = 17.5.2.0
MinimumVisualStudioVersion = 10.0.40219.1
Project("{FAE04EC0-301F-11D3-BF4B-00C04F79EFBC}") = "FasterOldOnesArmy", "FasterOldOnesArmy.csproj", "{DCAF8586-61CB-10D1-B88A-559824DC6886}"
EndProject
Global
	GlobalSection(SolutionConfigurationPlatforms) = preSolution
		Debug|Any CPU = Debug|Any CPU
		Release|Any CPU = Release|Any CPU
	EndGlobalSection
	GlobalSection(ProjectConfigurationPlatforms) = postSolution
		{DCAF8586-61CB-10D1-B88A-559824DC6886}.Debug|Any CPU.ActiveCfg = Debug|Any CPU
		{DCAF8586-61CB-10D1-B88A-559824DC6886}.Debug|Any CPU.Build.0 = Debug|Any CPU
		{DCAF8586-61CB-10D1-B88A-559824DC6886}.Release|Any CPU.ActiveCfg = Release|Any CPU
		{DCAF8586-61CB-10D1-B88A-559824DC6886}.Release|Any CPU.Build.0 = Release|Any CPU
	EndGlobalSection
	GlobalSection(SolutionProperties) = preSolution
		HideSolutionNode = FALSE
	EndGlobalSection
	GlobalSection(ExtensibilityGlobals) = postSolution
		SolutionGuid = {D7396B99-17F4-47EE-959A-570367691992}
	EndGlobalSection
EndGlobal
